
Microsoft Visual Studio Solution File, Format Version 12.00
# Visual Studio Version 17
VisualStudioVersion = 17.3.32922.545
MinimumVisualStudioVersion = 10.0.40219.1
Project("{FAE04EC0-301F-11D3-BF4B-00C04F79EFBC}") = "MyCalc", "WPFBegin\MyCalc.csproj", "{BAE1E665-D65D-4914-BD47-A30C9AD304F0}"
EndProject
Project("{2150E333-8FDC-42A3-9474-1A3956D46DE8}") = "Элементы решения", "Элементы решения", "{DFB24273-395F-4D96-A0AA-EF9F96655112}"
EndProject
Global
	GlobalSection(SolutionConfigurationPlatforms) = preSolution
		Debug|Any CPU = Debug|Any CPU
		Release|Any CPU = Release|Any CPU
	EndGlobalSection
	GlobalSection(ProjectConfigurationPlatforms) = postSolution
		{BAE1E665-D65D-4914-BD47-A30C9AD304F0}.Debug|Any CPU.ActiveCfg = Debug|Any CPU
		{BAE1E665-D65D-4914-BD47-A30C9AD304F0}.Debug|Any CPU.Build.0 = Debug|Any CPU
		{BAE1E665-D65D-4914-BD47-A30C9AD304F0}.Release|Any CPU.ActiveCfg = Release|Any CPU
		{BAE1E665-D65D-4914-BD47-A30C9AD304F0}.Release|Any CPU.Build.0 = Release|Any CPU
	EndGlobalSection
	GlobalSection(SolutionProperties) = preSolution
		HideSolutionNode = FALSE
	EndGlobalSection
	GlobalSection(ExtensibilityGlobals) = postSolution
		SolutionGuid = {15E9733B-65F5-48DD-9B14-530419035CEF}
	EndGlobalSection
EndGlobal
